
Microsoft Visual Studio Solution File, Format Version 12.00
Project("{FAE04EC0-301F-11D3-BF4B-00C04F79EFBC}") = "LegacyOrderService", "__OriginalProject\LegacyOrderService.csproj", "{EC3F463B-E523-4BD5-82FA-CCD476E7C2B7}"
EndProject
Project("{2150E333-8FDC-42A3-9474-1A3956D46DE8}") = "Services", "Services", "{F88AAE38-6425-4EA4-8540-858D2FEB6BE7}"
EndProject
Project("{2150E333-8FDC-42A3-9474-1A3956D46DE8}") = "__OriginalProject", "__OriginalProject", "{0421977D-B3EE-429E-8A41-F9F33DB5D07B}"
EndProject
Project("{2150E333-8FDC-42A3-9474-1A3956D46DE8}") = "API-Gateway", "API-Gateway", "{7DC1E8A1-FE7A-42EE-A35A-56703A63EB91}"
EndProject
Project("{2150E333-8FDC-42A3-9474-1A3956D46DE8}") = "Shared", "Shared", "{1766CC5E-9DAC-445F-8105-2AB358B47A0F}"
EndProject
Project("{2150E333-8FDC-42A3-9474-1A3956D46DE8}") = "MessagingLib", "MessagingLib", "{F1C59A95-1FE9-4C10-9121-B0A487489846}"
EndProject
Project("{2150E333-8FDC-42A3-9474-1A3956D46DE8}") = "RedisCache", "RedisCache", "{E2E901C3-3D6A-449A-B597-D5265922BCBE}"
EndProject
Project("{FAE04EC0-301F-11D3-BF4B-00C04F79EFBC}") = "MessagingLib", "Shared\MessagingLib\MessagingLib.csproj", "{E0DA8588-9D25-4D4E-99D8-443C894B788E}"
EndProject
Project("{FAE04EC0-301F-11D3-BF4B-00C04F79EFBC}") = "RedisCache", "Shared\RedisCache\RedisCache.csproj", "{A0F8B55B-D6B7-45E5-8FAF-D9F7B4A50B88}"
EndProject
Project("{FAE04EC0-301F-11D3-BF4B-00C04F79EFBC}") = "API.Geteway", "API-Gateway\API.Geteway.csproj", "{5EB1B592-4865-4BA1-98E4-3531A09B37B5}"
EndProject
Project("{2150E333-8FDC-42A3-9474-1A3956D46DE8}") = "AuthService", "AuthService", "{40C1719D-C976-46E8-9A5F-9DFA72545CB2}"
EndProject
Project("{FAE04EC0-301F-11D3-BF4B-00C04F79EFBC}") = "Auth.Infrastructure", "Services\AuthService\Auth.Infrastructure\Auth.Infrastructure.csproj", "{EE378B37-2083-4FB1-B807-674ACB01DC02}"
EndProject
Project("{FAE04EC0-301F-11D3-BF4B-00C04F79EFBC}") = "Auth.Domain", "Services\AuthService\Auth.Domain\Auth.Domain.csproj", "{90D5ED0C-540B-4D18-AD16-6228E713808F}"
EndProject
Project("{FAE04EC0-301F-11D3-BF4B-00C04F79EFBC}") = "Auth.Application", "Services\AuthService\Auth.Application\Auth.Application.csproj", "{00BE27C5-D11C-477D-B397-80EDCC371C3A}"
EndProject
Project("{FAE04EC0-301F-11D3-BF4B-00C04F79EFBC}") = "Auth.API", "Services\AuthService\Auth.API\Auth.API.csproj", "{8CDFD097-F316-4AD4-92A3-8C0106D96E89}"
EndProject
Project("{2150E333-8FDC-42A3-9474-1A3956D46DE8}") = "LogService", "LogService", "{74DD800A-1ADC-46F3-9DD8-42141AF31945}"
EndProject
Project("{FAE04EC0-301F-11D3-BF4B-00C04F79EFBC}") = "Log.Infrastructure", "Services\LogService\Log.Infrastructure\Log.Infrastructure.csproj", "{D32012E7-2999-4728-8346-151DEF755160}"
EndProject
Project("{FAE04EC0-301F-11D3-BF4B-00C04F79EFBC}") = "Log.Domain", "Services\LogService\Log.Domain\Log.Domain.csproj", "{FF8DEC36-3CA4-4B0E-B6E6-2D7108255C04}"
EndProject
Project("{FAE04EC0-301F-11D3-BF4B-00C04F79EFBC}") = "Log.Application", "Services\LogService\Log.Application\Log.Application.csproj", "{BD4CC84E-89E9-4D84-BF09-CDFD111C5913}"
EndProject
Project("{FAE04EC0-301F-11D3-BF4B-00C04F79EFBC}") = "Log.Worker", "Services\LogService\Log.Worker\Log.Worker.csproj", "{E1CB9E18-7113-4ED6-A7FD-013C2CAAB867}"
EndProject
Project("{2150E333-8FDC-42A3-9474-1A3956D46DE8}") = "ProductsService", "ProductsService", "{9132AAD7-4ED8-4540-8A19-37198BB602FE}"
EndProject
Project("{FAE04EC0-301F-11D3-BF4B-00C04F79EFBC}") = "Products.Infrastructure", "Services\ProductsService\Products.Infrastructure\Products.Infrastructure.csproj", "{F5AA8B93-3812-4260-803C-8D23163F43CC}"
EndProject
Project("{FAE04EC0-301F-11D3-BF4B-00C04F79EFBC}") = "Products.Domain", "Services\ProductsService\Products.Domain\Products.Domain.csproj", "{A9175C92-8118-46F5-BD74-548ADCF9CBAE}"
EndProject
Project("{FAE04EC0-301F-11D3-BF4B-00C04F79EFBC}") = "Products.Application", "Services\ProductsService\Products.Application\Products.Application.csproj", "{844940EB-3DAB-4EEA-891B-719800303638}"
EndProject
Project("{FAE04EC0-301F-11D3-BF4B-00C04F79EFBC}") = "Products.API", "Services\ProductsService\Products.API\Products.API.csproj", "{5D04194A-5D7B-47BB-A4D5-558CF4F2FD7F}"
EndProject
Project("{2150E333-8FDC-42A3-9474-1A3956D46DE8}") = "ContactsService", "ContactsService", "{DFE6A01E-8CDF-4C0A-9541-6213DF108DD2}"
EndProject
Project("{FAE04EC0-301F-11D3-BF4B-00C04F79EFBC}") = "Contacts.API", "Services\ContactsService\Contacts.API\Contacts.API.csproj", "{D617562D-ED1F-49FF-8D93-EDD38AE65685}"
EndProject
Project("{FAE04EC0-301F-11D3-BF4B-00C04F79EFBC}") = "Contacts.Application", "Services\ContactsService\Contacts.Application\Contacts.Application.csproj", "{8354C74C-C047-46F2-8FA0-DBC7A57CA03B}"
EndProject
Project("{FAE04EC0-301F-11D3-BF4B-00C04F79EFBC}") = "Contacts.Infrastructure", "Services\ContactsService\Contacts.Infrastructure\Contacts.Infrastructure.csproj", "{6433F427-392A-4E9D-BB8F-E73BCF99F8E3}"
EndProject
Project("{FAE04EC0-301F-11D3-BF4B-00C04F79EFBC}") = "Contacts.Domain", "Services\ContactsService\Contacts.Domain\Contacts.Domain.csproj", "{6347DDD7-D8D0-48A6-866E-15293028503C}"
EndProject
Project("{2150E333-8FDC-42A3-9474-1A3956D46DE8}") = "OrdersService", "OrdersService", "{B236EDC5-F0A9-438A-8312-3853893104FC}"
EndProject
Project("{FAE04EC0-301F-11D3-BF4B-00C04F79EFBC}") = "Orders.API", "Services\OrdersService\Orders.API\Orders.API.csproj", "{2A95084E-D29E-4F36-A977-F7E10D6C4DEC}"
EndProject
Project("{FAE04EC0-301F-11D3-BF4B-00C04F79EFBC}") = "Orders.Domain", "Services\OrdersService\Orders.Domain\Orders.Domain.csproj", "{505CF701-EA9D-4409-A78B-291606A63725}"
EndProject
Project("{FAE04EC0-301F-11D3-BF4B-00C04F79EFBC}") = "Orders.Application", "Services\OrdersService\Orders.Application\Orders.Application.csproj", "{02E34C10-EB4B-4A00-BC96-1F234651637B}"
EndProject
Project("{FAE04EC0-301F-11D3-BF4B-00C04F79EFBC}") = "Orders.Infrastructure", "Services\OrdersService\Orders.Infrastructure\Orders.Infrastructure.csproj", "{EE4DEC0C-5682-434A-8069-ACAD310897AB}"
EndProject
Project("{FAE04EC0-301F-11D3-BF4B-00C04F79EFBC}") = "Orders.Worker", "Services\OrdersService\Orders.Worker\Orders.Worker.csproj", "{19F1800A-A2AF-44FD-AEDF-712622B8D050}"
EndProject
Global
	GlobalSection(SolutionConfigurationPlatforms) = preSolution
		Debug|Any CPU = Debug|Any CPU
		Release|Any CPU = Release|Any CPU
	EndGlobalSection
	GlobalSection(ProjectConfigurationPlatforms) = postSolution
		{EC3F463B-E523-4BD5-82FA-CCD476E7C2B7}.Debug|Any CPU.ActiveCfg = Debug|Any CPU
		{EC3F463B-E523-4BD5-82FA-CCD476E7C2B7}.Debug|Any CPU.Build.0 = Debug|Any CPU
		{EC3F463B-E523-4BD5-82FA-CCD476E7C2B7}.Release|Any CPU.ActiveCfg = Release|Any CPU
		{EC3F463B-E523-4BD5-82FA-CCD476E7C2B7}.Release|Any CPU.Build.0 = Release|Any CPU
		{E0DA8588-9D25-4D4E-99D8-443C894B788E}.Debug|Any CPU.ActiveCfg = Debug|Any CPU
		{E0DA8588-9D25-4D4E-99D8-443C894B788E}.Debug|Any CPU.Build.0 = Debug|Any CPU
		{E0DA8588-9D25-4D4E-99D8-443C894B788E}.Release|Any CPU.ActiveCfg = Release|Any CPU
		{E0DA8588-9D25-4D4E-99D8-443C894B788E}.Release|Any CPU.Build.0 = Release|Any CPU
		{A0F8B55B-D6B7-45E5-8FAF-D9F7B4A50B88}.Debug|Any CPU.ActiveCfg = Debug|Any CPU
		{A0F8B55B-D6B7-45E5-8FAF-D9F7B4A50B88}.Debug|Any CPU.Build.0 = Debug|Any CPU
		{A0F8B55B-D6B7-45E5-8FAF-D9F7B4A50B88}.Release|Any CPU.ActiveCfg = Release|Any CPU
		{A0F8B55B-D6B7-45E5-8FAF-D9F7B4A50B88}.Release|Any CPU.Build.0 = Release|Any CPU
		{5EB1B592-4865-4BA1-98E4-3531A09B37B5}.Debug|Any CPU.ActiveCfg = Debug|Any CPU
		{5EB1B592-4865-4BA1-98E4-3531A09B37B5}.Debug|Any CPU.Build.0 = Debug|Any CPU
		{5EB1B592-4865-4BA1-98E4-3531A09B37B5}.Release|Any CPU.ActiveCfg = Release|Any CPU
		{5EB1B592-4865-4BA1-98E4-3531A09B37B5}.Release|Any CPU.Build.0 = Release|Any CPU
		{EE378B37-2083-4FB1-B807-674ACB01DC02}.Debug|Any CPU.ActiveCfg = Debug|Any CPU
		{EE378B37-2083-4FB1-B807-674ACB01DC02}.Debug|Any CPU.Build.0 = Debug|Any CPU
		{EE378B37-2083-4FB1-B807-674ACB01DC02}.Release|Any CPU.ActiveCfg = Release|Any CPU
		{EE378B37-2083-4FB1-B807-674ACB01DC02}.Release|Any CPU.Build.0 = Release|Any CPU
		{90D5ED0C-540B-4D18-AD16-6228E713808F}.Debug|Any CPU.ActiveCfg = Debug|Any CPU
		{90D5ED0C-540B-4D18-AD16-6228E713808F}.Debug|Any CPU.Build.0 = Debug|Any CPU
		{90D5ED0C-540B-4D18-AD16-6228E713808F}.Release|Any CPU.ActiveCfg = Release|Any CPU
		{90D5ED0C-540B-4D18-AD16-6228E713808F}.Release|Any CPU.Build.0 = Release|Any CPU
		{00BE27C5-D11C-477D-B397-80EDCC371C3A}.Debug|Any CPU.ActiveCfg = Debug|Any CPU
		{00BE27C5-D11C-477D-B397-80EDCC371C3A}.Debug|Any CPU.Build.0 = Debug|Any CPU
		{00BE27C5-D11C-477D-B397-80EDCC371C3A}.Release|Any CPU.ActiveCfg = Release|Any CPU
		{00BE27C5-D11C-477D-B397-80EDCC371C3A}.Release|Any CPU.Build.0 = Release|Any CPU
		{8CDFD097-F316-4AD4-92A3-8C0106D96E89}.Debug|Any CPU.ActiveCfg = Debug|Any CPU
		{8CDFD097-F316-4AD4-92A3-8C0106D96E89}.Debug|Any CPU.Build.0 = Debug|Any CPU
		{8CDFD097-F316-4AD4-92A3-8C0106D96E89}.Release|Any CPU.ActiveCfg = Release|Any CPU
		{8CDFD097-F316-4AD4-92A3-8C0106D96E89}.Release|Any CPU.Build.0 = Release|Any CPU
		{D32012E7-2999-4728-8346-151DEF755160}.Debug|Any CPU.ActiveCfg = Debug|Any CPU
		{D32012E7-2999-4728-8346-151DEF755160}.Debug|Any CPU.Build.0 = Debug|Any CPU
		{D32012E7-2999-4728-8346-151DEF755160}.Release|Any CPU.ActiveCfg = Release|Any CPU
		{D32012E7-2999-4728-8346-151DEF755160}.Release|Any CPU.Build.0 = Release|Any CPU
		{FF8DEC36-3CA4-4B0E-B6E6-2D7108255C04}.Debug|Any CPU.ActiveCfg = Debug|Any CPU
		{FF8DEC36-3CA4-4B0E-B6E6-2D7108255C04}.Debug|Any CPU.Build.0 = Debug|Any CPU
		{FF8DEC36-3CA4-4B0E-B6E6-2D7108255C04}.Release|Any CPU.ActiveCfg = Release|Any CPU
		{FF8DEC36-3CA4-4B0E-B6E6-2D7108255C04}.Release|Any CPU.Build.0 = Release|Any CPU
		{BD4CC84E-89E9-4D84-BF09-CDFD111C5913}.Debug|Any CPU.ActiveCfg = Debug|Any CPU
		{BD4CC84E-89E9-4D84-BF09-CDFD111C5913}.Debug|Any CPU.Build.0 = Debug|Any CPU
		{BD4CC84E-89E9-4D84-BF09-CDFD111C5913}.Release|Any CPU.ActiveCfg = Release|Any CPU
		{BD4CC84E-89E9-4D84-BF09-CDFD111C5913}.Release|Any CPU.Build.0 = Release|Any CPU
		{E1CB9E18-7113-4ED6-A7FD-013C2CAAB867}.Debug|Any CPU.ActiveCfg = Debug|Any CPU
		{E1CB9E18-7113-4ED6-A7FD-013C2CAAB867}.Debug|Any CPU.Build.0 = Debug|Any CPU
		{E1CB9E18-7113-4ED6-A7FD-013C2CAAB867}.Release|Any CPU.ActiveCfg = Release|Any CPU
		{E1CB9E18-7113-4ED6-A7FD-013C2CAAB867}.Release|Any CPU.Build.0 = Release|Any CPU
		{F5AA8B93-3812-4260-803C-8D23163F43CC}.Debug|Any CPU.ActiveCfg = Debug|Any CPU
		{F5AA8B93-3812-4260-803C-8D23163F43CC}.Debug|Any CPU.Build.0 = Debug|Any CPU
		{F5AA8B93-3812-4260-803C-8D23163F43CC}.Release|Any CPU.ActiveCfg = Release|Any CPU
		{F5AA8B93-3812-4260-803C-8D23163F43CC}.Release|Any CPU.Build.0 = Release|Any CPU
		{A9175C92-8118-46F5-BD74-548ADCF9CBAE}.Debug|Any CPU.ActiveCfg = Debug|Any CPU
		{A9175C92-8118-46F5-BD74-548ADCF9CBAE}.Debug|Any CPU.Build.0 = Debug|Any CPU
		{A9175C92-8118-46F5-BD74-548ADCF9CBAE}.Release|Any CPU.ActiveCfg = Release|Any CPU
		{A9175C92-8118-46F5-BD74-548ADCF9CBAE}.Release|Any CPU.Build.0 = Release|Any CPU
		{844940EB-3DAB-4EEA-891B-719800303638}.Debug|Any CPU.ActiveCfg = Debug|Any CPU
		{844940EB-3DAB-4EEA-891B-719800303638}.Debug|Any CPU.Build.0 = Debug|Any CPU
		{844940EB-3DAB-4EEA-891B-719800303638}.Release|Any CPU.ActiveCfg = Release|Any CPU
		{844940EB-3DAB-4EEA-891B-719800303638}.Release|Any CPU.Build.0 = Release|Any CPU
		{5D04194A-5D7B-47BB-A4D5-558CF4F2FD7F}.Debug|Any CPU.ActiveCfg = Debug|Any CPU
		{5D04194A-5D7B-47BB-A4D5-558CF4F2FD7F}.Debug|Any CPU.Build.0 = Debug|Any CPU
		{5D04194A-5D7B-47BB-A4D5-558CF4F2FD7F}.Release|Any CPU.ActiveCfg = Release|Any CPU
		{5D04194A-5D7B-47BB-A4D5-558CF4F2FD7F}.Release|Any CPU.Build.0 = Release|Any CPU
		{D617562D-ED1F-49FF-8D93-EDD38AE65685}.Debug|Any CPU.ActiveCfg = Debug|Any CPU
		{D617562D-ED1F-49FF-8D93-EDD38AE65685}.Debug|Any CPU.Build.0 = Debug|Any CPU
		{D617562D-ED1F-49FF-8D93-EDD38AE65685}.Release|Any CPU.ActiveCfg = Release|Any CPU
		{D617562D-ED1F-49FF-8D93-EDD38AE65685}.Release|Any CPU.Build.0 = Release|Any CPU
		{8354C74C-C047-46F2-8FA0-DBC7A57CA03B}.Debug|Any CPU.ActiveCfg = Debug|Any CPU
		{8354C74C-C047-46F2-8FA0-DBC7A57CA03B}.Debug|Any CPU.Build.0 = Debug|Any CPU
		{8354C74C-C047-46F2-8FA0-DBC7A57CA03B}.Release|Any CPU.ActiveCfg = Release|Any CPU
		{8354C74C-C047-46F2-8FA0-DBC7A57CA03B}.Release|Any CPU.Build.0 = Release|Any CPU
		{6433F427-392A-4E9D-BB8F-E73BCF99F8E3}.Debug|Any CPU.ActiveCfg = Debug|Any CPU
		{6433F427-392A-4E9D-BB8F-E73BCF99F8E3}.Debug|Any CPU.Build.0 = Debug|Any CPU
		{6433F427-392A-4E9D-BB8F-E73BCF99F8E3}.Release|Any CPU.ActiveCfg = Release|Any CPU
		{6433F427-392A-4E9D-BB8F-E73BCF99F8E3}.Release|Any CPU.Build.0 = Release|Any CPU
		{6347DDD7-D8D0-48A6-866E-15293028503C}.Debug|Any CPU.ActiveCfg = Debug|Any CPU
		{6347DDD7-D8D0-48A6-866E-15293028503C}.Debug|Any CPU.Build.0 = Debug|Any CPU
		{6347DDD7-D8D0-48A6-866E-15293028503C}.Release|Any CPU.ActiveCfg = Release|Any CPU
		{6347DDD7-D8D0-48A6-866E-15293028503C}.Release|Any CPU.Build.0 = Release|Any CPU
		{2A95084E-D29E-4F36-A977-F7E10D6C4DEC}.Debug|Any CPU.ActiveCfg = Debug|Any CPU
		{2A95084E-D29E-4F36-A977-F7E10D6C4DEC}.Debug|Any CPU.Build.0 = Debug|Any CPU
		{2A95084E-D29E-4F36-A977-F7E10D6C4DEC}.Release|Any CPU.ActiveCfg = Release|Any CPU
		{2A95084E-D29E-4F36-A977-F7E10D6C4DEC}.Release|Any CPU.Build.0 = Release|Any CPU
		{505CF701-EA9D-4409-A78B-291606A63725}.Debug|Any CPU.ActiveCfg = Debug|Any CPU
		{505CF701-EA9D-4409-A78B-291606A63725}.Debug|Any CPU.Build.0 = Debug|Any CPU
		{505CF701-EA9D-4409-A78B-291606A63725}.Release|Any CPU.ActiveCfg = Release|Any CPU
		{505CF701-EA9D-4409-A78B-291606A63725}.Release|Any CPU.Build.0 = Release|Any CPU
		{02E34C10-EB4B-4A00-BC96-1F234651637B}.Debug|Any CPU.ActiveCfg = Debug|Any CPU
		{02E34C10-EB4B-4A00-BC96-1F234651637B}.Debug|Any CPU.Build.0 = Debug|Any CPU
		{02E34C10-EB4B-4A00-BC96-1F234651637B}.Release|Any CPU.ActiveCfg = Release|Any CPU
		{02E34C10-EB4B-4A00-BC96-1F234651637B}.Release|Any CPU.Build.0 = Release|Any CPU
		{EE4DEC0C-5682-434A-8069-ACAD310897AB}.Debug|Any CPU.ActiveCfg = Debug|Any CPU
		{EE4DEC0C-5682-434A-8069-ACAD310897AB}.Debug|Any CPU.Build.0 = Debug|Any CPU
		{EE4DEC0C-5682-434A-8069-ACAD310897AB}.Release|Any CPU.ActiveCfg = Release|Any CPU
		{EE4DEC0C-5682-434A-8069-ACAD310897AB}.Release|Any CPU.Build.0 = Release|Any CPU
		{19F1800A-A2AF-44FD-AEDF-712622B8D050}.Debug|Any CPU.ActiveCfg = Debug|Any CPU
		{19F1800A-A2AF-44FD-AEDF-712622B8D050}.Debug|Any CPU.Build.0 = Debug|Any CPU
		{19F1800A-A2AF-44FD-AEDF-712622B8D050}.Release|Any CPU.ActiveCfg = Release|Any CPU
		{19F1800A-A2AF-44FD-AEDF-712622B8D050}.Release|Any CPU.Build.0 = Release|Any CPU
	EndGlobalSection
	GlobalSection(NestedProjects) = preSolution
		{EC3F463B-E523-4BD5-82FA-CCD476E7C2B7} = {0421977D-B3EE-429E-8A41-F9F33DB5D07B}
		{F1C59A95-1FE9-4C10-9121-B0A487489846} = {1766CC5E-9DAC-445F-8105-2AB358B47A0F}
		{E2E901C3-3D6A-449A-B597-D5265922BCBE} = {1766CC5E-9DAC-445F-8105-2AB358B47A0F}
		{E0DA8588-9D25-4D4E-99D8-443C894B788E} = {F1C59A95-1FE9-4C10-9121-B0A487489846}
		{A0F8B55B-D6B7-45E5-8FAF-D9F7B4A50B88} = {E2E901C3-3D6A-449A-B597-D5265922BCBE}
		{5EB1B592-4865-4BA1-98E4-3531A09B37B5} = {7DC1E8A1-FE7A-42EE-A35A-56703A63EB91}
		{40C1719D-C976-46E8-9A5F-9DFA72545CB2} = {F88AAE38-6425-4EA4-8540-858D2FEB6BE7}
		{EE378B37-2083-4FB1-B807-674ACB01DC02} = {40C1719D-C976-46E8-9A5F-9DFA72545CB2}
		{90D5ED0C-540B-4D18-AD16-6228E713808F} = {40C1719D-C976-46E8-9A5F-9DFA72545CB2}
		{00BE27C5-D11C-477D-B397-80EDCC371C3A} = {40C1719D-C976-46E8-9A5F-9DFA72545CB2}
		{8CDFD097-F316-4AD4-92A3-8C0106D96E89} = {40C1719D-C976-46E8-9A5F-9DFA72545CB2}
		{74DD800A-1ADC-46F3-9DD8-42141AF31945} = {F88AAE38-6425-4EA4-8540-858D2FEB6BE7}
		{D32012E7-2999-4728-8346-151DEF755160} = {74DD800A-1ADC-46F3-9DD8-42141AF31945}
		{FF8DEC36-3CA4-4B0E-B6E6-2D7108255C04} = {74DD800A-1ADC-46F3-9DD8-42141AF31945}
		{BD4CC84E-89E9-4D84-BF09-CDFD111C5913} = {74DD800A-1ADC-46F3-9DD8-42141AF31945}
		{E1CB9E18-7113-4ED6-A7FD-013C2CAAB867} = {74DD800A-1ADC-46F3-9DD8-42141AF31945}
		{9132AAD7-4ED8-4540-8A19-37198BB602FE} = {F88AAE38-6425-4EA4-8540-858D2FEB6BE7}
		{F5AA8B93-3812-4260-803C-8D23163F43CC} = {9132AAD7-4ED8-4540-8A19-37198BB602FE}
		{A9175C92-8118-46F5-BD74-548ADCF9CBAE} = {9132AAD7-4ED8-4540-8A19-37198BB602FE}
		{844940EB-3DAB-4EEA-891B-719800303638} = {9132AAD7-4ED8-4540-8A19-37198BB602FE}
		{5D04194A-5D7B-47BB-A4D5-558CF4F2FD7F} = {9132AAD7-4ED8-4540-8A19-37198BB602FE}
		{DFE6A01E-8CDF-4C0A-9541-6213DF108DD2} = {F88AAE38-6425-4EA4-8540-858D2FEB6BE7}
		{D617562D-ED1F-49FF-8D93-EDD38AE65685} = {DFE6A01E-8CDF-4C0A-9541-6213DF108DD2}
		{8354C74C-C047-46F2-8FA0-DBC7A57CA03B} = {DFE6A01E-8CDF-4C0A-9541-6213DF108DD2}
		{6433F427-392A-4E9D-BB8F-E73BCF99F8E3} = {DFE6A01E-8CDF-4C0A-9541-6213DF108DD2}
		{6347DDD7-D8D0-48A6-866E-15293028503C} = {DFE6A01E-8CDF-4C0A-9541-6213DF108DD2}
		{B236EDC5-F0A9-438A-8312-3853893104FC} = {F88AAE38-6425-4EA4-8540-858D2FEB6BE7}
		{2A95084E-D29E-4F36-A977-F7E10D6C4DEC} = {B236EDC5-F0A9-438A-8312-3853893104FC}
		{505CF701-EA9D-4409-A78B-291606A63725} = {B236EDC5-F0A9-438A-8312-3853893104FC}
		{02E34C10-EB4B-4A00-BC96-1F234651637B} = {B236EDC5-F0A9-438A-8312-3853893104FC}
		{EE4DEC0C-5682-434A-8069-ACAD310897AB} = {B236EDC5-F0A9-438A-8312-3853893104FC}
		{19F1800A-A2AF-44FD-AEDF-712622B8D050} = {B236EDC5-F0A9-438A-8312-3853893104FC}
	EndGlobalSection
EndGlobal
